# THIS IS AN AUTOGENERATED FILE. DO NOT EDIT THIS FILE DIRECTLY.
# yarn lockfile v1


"@commitlint/cli@^4.3.0":
  version "4.3.0"
  resolved "http://registry.npm.taobao.org/@commitlint/cli/download/@commitlint/cli-4.3.0.tgz#b0d45fb712a5b9c0daa48b07594b68c384fd4dc7"
  dependencies:
    "@commitlint/core" "^4.3.0"
    babel-polyfill "^6.23.0"
    chalk "^2.0.1"
    get-stdin "^5.0.1"
    lodash "^4.17.4"
    meow "^3.7.0"

"@commitlint/config-angular@^4.3.0":
  version "4.3.0"
  resolved "http://registry.npm.taobao.org/@commitlint/config-angular/download/@commitlint/config-angular-4.3.0.tgz#c05fd9c30f8dd0c32c549bb1587e8af2c2769765"

"@commitlint/core@^4.3.0":
  version "4.3.0"
  resolved "http://registry.npm.taobao.org/@commitlint/core/download/@commitlint/core-4.3.0.tgz#e881a0a16594af3ade09be4d12b770b9913bc261"
  dependencies:
    "@marionebl/conventional-commits-parser" "^3.0.0"
    "@marionebl/git-raw-commits" "^1.2.0"
    "@marionebl/sander" "^0.6.0"
    babel-runtime "^6.23.0"
    chalk "^2.0.1"
    conventional-changelog-angular "^1.3.3"
    cosmiconfig "^3.0.1"
    find-up "^2.1.0"
    lodash "^4.17.4"
    path-exists "^3.0.0"
    resolve-from "^3.0.0"
    semver "^5.3.0"

"@marionebl/conventional-commits-parser@^3.0.0":
  version "3.0.0"
  resolved "http://registry.npm.taobao.org/@marionebl/conventional-commits-parser/download/@marionebl/conventional-commits-parser-3.0.0.tgz#9da29b4d2c8f05c0f9cdd02936713b8096c958d3"
  dependencies:
    JSONStream "^1.0.4"
    is-text-path "^1.0.0"
    lodash "^4.2.1"
    meow "^3.3.0"
    split2 "^2.0.0"
    through2 "^2.0.0"
    trim-off-newlines "^1.0.0"

"@marionebl/git-raw-commits@^1.2.0":
  version "1.2.0"
  resolved "http://registry.npm.taobao.org/@marionebl/git-raw-commits/download/@marionebl/git-raw-commits-1.2.0.tgz#7cd8a6dfc09a96df98d8fbe9175c5971cc07c82b"
  dependencies:
    dargs "^4.0.1"
    lodash.template "^4.0.2"
    meow "^3.3.0"
    split2 "^2.0.0"
    through2 "^2.0.0"

"@marionebl/sander@^0.6.0":
  version "0.6.1"
  resolved "http://registry.npm.taobao.org/@marionebl/sander/download/@marionebl/sander-0.6.1.tgz#1958965874f24bc51be48875feb50d642fc41f7b"
  dependencies:
    graceful-fs "^4.1.3"
    mkdirp "^0.5.1"
    rimraf "^2.5.2"

JSONStream@^1.0.4:
  version "1.3.1"
  resolved "http://registry.npm.taobao.org/JSONStream/download/JSONStream-1.3.1.tgz#707f761e01dae9e16f1bcf93703b78c70966579a"
  dependencies:
    jsonparse "^1.2.0"
    through ">=2.2.7 <3"

ansi-styles@^3.1.0:
  version "3.2.0"
  resolved "http://registry.npm.taobao.org/ansi-styles/download/ansi-styles-3.2.0.tgz#c159b8d5be0f9e5a6f346dab94f16ce022161b88"
  dependencies:
    color-convert "^1.9.0"

argparse@^1.0.7:
  version "1.0.9"
  resolved "http://registry.npm.taobao.org/argparse/download/argparse-1.0.9.tgz#73d83bc263f86e97f8cc4f6bae1b0e90a7d22c86"
  dependencies:
    sprintf-js "~1.0.2"

array-find-index@^1.0.1:
  version "1.0.2"
  resolved "http://registry.npm.taobao.org/array-find-index/download/array-find-index-1.0.2.tgz#df010aa1287e164bbda6f9723b0a96a1ec4187a1"

array-ify@^1.0.0:
  version "1.0.0"
  resolved "http://registry.npm.taobao.org/array-ify/download/array-ify-1.0.0.tgz#9e528762b4a9066ad163a6962a364418e9626ece"

babel-polyfill@^6.23.0:
  version "6.26.0"
  resolved "http://registry.npm.taobao.org/babel-polyfill/download/babel-polyfill-6.26.0.tgz#379937abc67d7895970adc621f284cd966cf2153"
  dependencies:
    babel-runtime "^6.26.0"
    core-js "^2.5.0"
    regenerator-runtime "^0.10.5"

babel-runtime@^6.23.0, babel-runtime@^6.26.0:
  version "6.26.0"
  resolved "http://registry.npm.taobao.org/babel-runtime/download/babel-runtime-6.26.0.tgz#965c7058668e82b55d7bfe04ff2337bc8b5647fe"
  dependencies:
    core-js "^2.4.0"
    regenerator-runtime "^0.11.0"

balanced-match@^1.0.0:
  version "1.0.0"
  resolved "http://registry.npm.taobao.org/balanced-match/download/balanced-match-1.0.0.tgz#89b4d199ab2bee49de164ea02b89ce462d71b767"

brace-expansion@^1.1.7:
  version "1.1.8"
  resolved "http://registry.npm.taobao.org/brace-expansion/download/brace-expansion-1.1.8.tgz#c07b211c7c952ec1f8efd51a77ef0d1d3990a292"
  dependencies:
    balanced-match "^1.0.0"
    concat-map "0.0.1"

builtin-modules@^1.0.0:
  version "1.1.1"
  resolved "http://registry.npm.taobao.org/builtin-modules/download/builtin-modules-1.1.1.tgz#270f076c5a72c02f5b65a47df94c5fe3a278892f"

camelcase-keys@^2.0.0:
  version "2.1.0"
  resolved "http://registry.npm.taobao.org/camelcase-keys/download/camelcase-keys-2.1.0.tgz#308beeaffdf28119051efa1d932213c91b8f92e7"
  dependencies:
    camelcase "^2.0.0"
    map-obj "^1.0.0"

camelcase@^2.0.0:
  version "2.1.1"
  resolved "http://registry.npm.taobao.org/camelcase/download/camelcase-2.1.1.tgz#7c1d16d679a1bbe59ca02cacecfb011e201f5a1f"

chalk@^2.0.1:
  version "2.3.0"
  resolved "http://registry.npm.taobao.org/chalk/download/chalk-2.3.0.tgz#b5ea48efc9c1793dccc9b4767c93914d3f2d52ba"
  dependencies:
    ansi-styles "^3.1.0"
    escape-string-regexp "^1.0.5"
    supports-color "^4.0.0"

ci-info@^1.0.0:
  version "1.1.1"
  resolved "http://registry.npm.taobao.org/ci-info/download/ci-info-1.1.1.tgz#47b44df118c48d2597b56d342e7e25791060171a"

color-convert@^1.9.0:
  version "1.9.1"
  resolved "http://registry.npm.taobao.org/color-convert/download/color-convert-1.9.1.tgz#c1261107aeb2f294ebffec9ed9ecad529a6097ed"
  dependencies:
    color-name "^1.1.1"

color-name@^1.1.1:
  version "1.1.3"
  resolved "http://registry.npm.taobao.org/color-name/download/color-name-1.1.3.tgz#a7d0558bd89c42f795dd42328f740831ca53bc25"

compare-func@^1.3.1:
  version "1.3.2"
  resolved "http://registry.npm.taobao.org/compare-func/download/compare-func-1.3.2.tgz#99dd0ba457e1f9bc722b12c08ec33eeab31fa648"
  dependencies:
    array-ify "^1.0.0"
    dot-prop "^3.0.0"

concat-map@0.0.1:
  version "0.0.1"
  resolved "http://registry.npm.taobao.org/concat-map/download/concat-map-0.0.1.tgz#d8a96bd77fd68df7793a73036a3ba0d5405d477b"

conventional-changelog-angular@^1.3.3:
  version "1.5.2"
  resolved "http://registry.npm.taobao.org/conventional-changelog-angular/download/conventional-changelog-angular-1.5.2.tgz#2b38f665fe9c5920af1a2f82f547f4babe6de57c"
  dependencies:
    compare-func "^1.3.1"
    q "^1.4.1"

conventional-commit-types@^2.0.0:
  version "2.2.0"
  resolved "http://registry.npm.taobao.org/conventional-commit-types/download/conventional-commit-types-2.2.0.tgz#5db95739d6c212acbe7b6f656a11b940baa68946"

core-js@^2.4.0, core-js@^2.5.0:
  version "2.5.1"
  resolved "http://registry.npm.taobao.org/core-js/download/core-js-2.5.1.tgz#ae6874dc66937789b80754ff5428df66819ca50b"

core-util-is@~1.0.0:
  version "1.0.2"
  resolved "http://registry.npm.taobao.org/core-util-is/download/core-util-is-1.0.2.tgz#b5fd54220aa2bc5ab57aab7140c940754503c1a7"

cosmiconfig@^3.0.1:
  version "3.1.0"
  resolved "http://registry.npm.taobao.org/cosmiconfig/download/cosmiconfig-3.1.0.tgz#640a94bf9847f321800403cd273af60665c73397"
  dependencies:
    is-directory "^0.3.1"
    js-yaml "^3.9.0"
    parse-json "^3.0.0"
    require-from-string "^2.0.1"

currently-unhandled@^0.4.1:
  version "0.4.1"
  resolved "http://registry.npm.taobao.org/currently-unhandled/download/currently-unhandled-0.4.1.tgz#988df33feab191ef799a61369dd76c17adf957ea"
  dependencies:
    array-find-index "^1.0.1"

cz-conventional-changelog@^2.1.0:
  version "2.1.0"
  resolved "http://registry.npm.taobao.org/cz-conventional-changelog/download/cz-conventional-changelog-2.1.0.tgz#2f4bc7390e3244e4df293e6ba351e4c740a7c764"
  dependencies:
    conventional-commit-types "^2.0.0"
    lodash.map "^4.5.1"
    longest "^1.0.1"
    right-pad "^1.0.1"
    word-wrap "^1.0.3"

dargs@^4.0.1:
  version "4.1.0"
  resolved "http://registry.npm.taobao.org/dargs/download/dargs-4.1.0.tgz#03a9dbb4b5c2f139bf14ae53f0b8a2a6a86f4e17"
  dependencies:
    number-is-nan "^1.0.0"

decamelize@^1.1.2:
  version "1.2.0"
  resolved "http://registry.npm.taobao.org/decamelize/download/decamelize-1.2.0.tgz#f6534d15148269b20352e7bee26f501f9a191290"

dot-prop@^3.0.0:
  version "3.0.0"
  resolved "http://registry.npm.taobao.org/dot-prop/download/dot-prop-3.0.0.tgz#1b708af094a49c9a0e7dbcad790aba539dac1177"
  dependencies:
    is-obj "^1.0.0"

error-ex@^1.2.0, error-ex@^1.3.1:
  version "1.3.1"
  resolved "http://registry.npm.taobao.org/error-ex/download/error-ex-1.3.1.tgz#f855a86ce61adc4e8621c3cda21e7a7612c3a8dc"
  dependencies:
    is-arrayish "^0.2.1"

escape-string-regexp@^1.0.5:
  version "1.0.5"
  resolved "http://registry.npm.taobao.org/escape-string-regexp/download/escape-string-regexp-1.0.5.tgz#1b61c0562190a8dff6ae3bb2cf0200ca130b86d4"

esprima@^4.0.0:
  version "4.0.0"
  resolved "http://registry.npm.taobao.org/esprima/download/esprima-4.0.0.tgz#4499eddcd1110e0b218bacf2fa7f7f59f55ca804"

find-up@^1.0.0:
  version "1.1.2"
  resolved "http://registry.npm.taobao.org/find-up/download/find-up-1.1.2.tgz#6b2e9822b1a2ce0a60ab64d610eccad53cb24d0f"
  dependencies:
    path-exists "^2.0.0"
    pinkie-promise "^2.0.0"

find-up@^2.1.0:
  version "2.1.0"
  resolved "http://registry.npm.taobao.org/find-up/download/find-up-2.1.0.tgz#45d1b7e506c717ddd482775a2b77920a3c0c57a7"
  dependencies:
    locate-path "^2.0.0"

fs.realpath@^1.0.0:
  version "1.0.0"
  resolved "http://registry.npm.taobao.org/fs.realpath/download/fs.realpath-1.0.0.tgz#1504ad2523158caa40db4a2787cb01411994ea4f"

get-stdin@^4.0.1:
  version "4.0.1"
  resolved "http://registry.npm.taobao.org/get-stdin/download/get-stdin-4.0.1.tgz#b968c6b0a04384324902e8bf1a5df32579a450fe"

get-stdin@^5.0.1:
  version "5.0.1"
  resolved "http://registry.npm.taobao.org/get-stdin/download/get-stdin-5.0.1.tgz#122e161591e21ff4c52530305693f20e6393a398"

glob@^7.0.5:
  version "7.1.2"
  resolved "http://registry.npm.taobao.org/glob/download/glob-7.1.2.tgz#c19c9df9a028702d678612384a6552404c636d15"
  dependencies:
    fs.realpath "^1.0.0"
    inflight "^1.0.4"
    inherits "2"
    minimatch "^3.0.4"
    once "^1.3.0"
    path-is-absolute "^1.0.0"

graceful-fs@^4.1.2, graceful-fs@^4.1.3:
  version "4.1.11"
  resolved "http://registry.npm.taobao.org/graceful-fs/download/graceful-fs-4.1.11.tgz#0e8bdfe4d1ddb8854d64e04ea7c00e2a026e5658"

has-flag@^2.0.0:
  version "2.0.0"
  resolved "http://registry.npm.taobao.org/has-flag/download/has-flag-2.0.0.tgz#e8207af1cc7b30d446cc70b734b5e8be18f88d51"

hosted-git-info@^2.1.4:
  version "2.5.0"
  resolved "http://registry.npm.taobao.org/hosted-git-info/download/hosted-git-info-2.5.0.tgz#6d60e34b3abbc8313062c3b798ef8d901a07af3c"

husky@^0.14.3:
  version "0.14.3"
  resolved "http://registry.npm.taobao.org/husky/download/husky-0.14.3.tgz#c69ed74e2d2779769a17ba8399b54ce0b63c12c3"
  dependencies:
    is-ci "^1.0.10"
    normalize-path "^1.0.0"
    strip-indent "^2.0.0"

indent-string@^2.1.0:
  version "2.1.0"
  resolved "http://registry.npm.taobao.org/indent-string/download/indent-string-2.1.0.tgz#8e2d48348742121b4a8218b7a137e9a52049dc80"
  dependencies:
    repeating "^2.0.0"

inflight@^1.0.4:
  version "1.0.6"
  resolved "http://registry.npm.taobao.org/inflight/download/inflight-1.0.6.tgz#49bd6331d7d02d0c09bc910a1075ba8165b56df9"
  dependencies:
    once "^1.3.0"
    wrappy "1"

inherits@2, inherits@~2.0.3:
  version "2.0.3"
  resolved "http://registry.npm.taobao.org/inherits/download/inherits-2.0.3.tgz#633c2c83e3da42a502f52466022480f4208261de"

is-arrayish@^0.2.1:
  version "0.2.1"
  resolved "http://registry.npm.taobao.org/is-arrayish/download/is-arrayish-0.2.1.tgz#77c99840527aa8ecb1a8ba697b80645a7a926a9d"

is-builtin-module@^1.0.0:
  version "1.0.0"
  resolved "http://registry.npm.taobao.org/is-builtin-module/download/is-builtin-module-1.0.0.tgz#540572d34f7ac3119f8f76c30cbc1b1e037affbe"
  dependencies:
    builtin-modules "^1.0.0"

is-ci@^1.0.10:
  version "1.0.10"
  resolved "http://registry.npm.taobao.org/is-ci/download/is-ci-1.0.10.tgz#f739336b2632365061a9d48270cd56ae3369318e"
  dependencies:
    ci-info "^1.0.0"

is-directory@^0.3.1:
  version "0.3.1"
  resolved "http://registry.npm.taobao.org/is-directory/download/is-directory-0.3.1.tgz#61339b6f2475fc772fd9c9d83f5c8575dc154ae1"

is-finite@^1.0.0:
  version "1.0.2"
  resolved "http://registry.npm.taobao.org/is-finite/download/is-finite-1.0.2.tgz#cc6677695602be550ef11e8b4aa6305342b6d0aa"
  dependencies:
    number-is-nan "^1.0.0"

is-obj@^1.0.0:
  version "1.0.1"
  resolved "http://registry.npm.taobao.org/is-obj/download/is-obj-1.0.1.tgz#3e4729ac1f5fde025cd7d83a896dab9f4f67db0f"

is-text-path@^1.0.0:
  version "1.0.1"
  resolved "http://registry.npm.taobao.org/is-text-path/download/is-text-path-1.0.1.tgz#4e1aa0fb51bfbcb3e92688001397202c1775b66e"
  dependencies:
    text-extensions "^1.0.0"

is-utf8@^0.2.0:
  version "0.2.1"
  resolved "http://registry.npm.taobao.org/is-utf8/download/is-utf8-0.2.1.tgz#4b0da1442104d1b336340e80797e865cf39f7d72"

isarray@~1.0.0:
  version "1.0.0"
  resolved "http://registry.npm.taobao.org/isarray/download/isarray-1.0.0.tgz#bb935d48582cba168c06834957a54a3e07124f11"

js-yaml@^3.9.0:
  version "3.10.0"
  resolved "http://registry.npm.taobao.org/js-yaml/download/js-yaml-3.10.0.tgz#2e78441646bd4682e963f22b6e92823c309c62dc"
  dependencies:
    argparse "^1.0.7"
    esprima "^4.0.0"

jsonparse@^1.2.0:
  version "1.3.1"
  resolved "http://registry.npm.taobao.org/jsonparse/download/jsonparse-1.3.1.tgz#3f4dae4a91fac315f71062f8521cc239f1366280"

load-json-file@^1.0.0:
  version "1.1.0"
  resolved "http://registry.npm.taobao.org/load-json-file/download/load-json-file-1.1.0.tgz#956905708d58b4bab4c2261b04f59f31c99374c0"
  dependencies:
    graceful-fs "^4.1.2"
    parse-json "^2.2.0"
    pify "^2.0.0"
    pinkie-promise "^2.0.0"
    strip-bom "^2.0.0"

locate-path@^2.0.0:
  version "2.0.0"
  resolved "http://registry.npm.taobao.org/locate-path/download/locate-path-2.0.0.tgz#2b568b265eec944c6d9c0de9c3dbbbca0354cd8e"
  dependencies:
    p-locate "^2.0.0"
    path-exists "^3.0.0"

lodash._reinterpolate@~3.0.0:
  version "3.0.0"
  resolved "http://registry.npm.taobao.org/lodash._reinterpolate/download/lodash._reinterpolate-3.0.0.tgz#0ccf2d89166af03b3663c796538b75ac6e114d9d"

lodash.map@^4.5.1:
  version "4.6.0"
  resolved "http://registry.npm.taobao.org/lodash.map/download/lodash.map-4.6.0.tgz#771ec7839e3473d9c4cde28b19394c3562f4f6d3"

lodash.template@^4.0.2:
  version "4.4.0"
  resolved "http://registry.npm.taobao.org/lodash.template/download/lodash.template-4.4.0.tgz#e73a0385c8355591746e020b99679c690e68fba0"
  dependencies:
    lodash._reinterpolate "~3.0.0"
    lodash.templatesettings "^4.0.0"

lodash.templatesettings@^4.0.0:
  version "4.1.0"
  resolved "http://registry.npm.taobao.org/lodash.templatesettings/download/lodash.templatesettings-4.1.0.tgz#2b4d4e95ba440d915ff08bc899e4553666713316"
  dependencies:
    lodash._reinterpolate "~3.0.0"

lodash@^4.17.4, lodash@^4.2.1:
  version "4.17.4"
  resolved "http://registry.npm.taobao.org/lodash/download/lodash-4.17.4.tgz#78203a4d1c328ae1d86dca6460e369b57f4055ae"

longest@^1.0.1:
  version "1.0.1"
  resolved "http://registry.npm.taobao.org/longest/download/longest-1.0.1.tgz#30a0b2da38f73770e8294a0d22e6625ed77d0097"

loud-rejection@^1.0.0:
  version "1.6.0"
  resolved "http://registry.npm.taobao.org/loud-rejection/download/loud-rejection-1.6.0.tgz#5b46f80147edee578870f086d04821cf998e551f"
  dependencies:
    currently-unhandled "^0.4.1"
    signal-exit "^3.0.0"

map-obj@^1.0.0, map-obj@^1.0.1:
  version "1.0.1"
  resolved "http://registry.npm.taobao.org/map-obj/download/map-obj-1.0.1.tgz#d933ceb9205d82bdcf4886f6742bdc2b4dea146d"

meow@^3.3.0, meow@^3.7.0:
  version "3.7.0"
  resolved "http://registry.npm.taobao.org/meow/download/meow-3.7.0.tgz#72cb668b425228290abbfa856892587308a801fb"
  dependencies:
    camelcase-keys "^2.0.0"
    decamelize "^1.1.2"
    loud-rejection "^1.0.0"
    map-obj "^1.0.1"
    minimist "^1.1.3"
    normalize-package-data "^2.3.4"
    object-assign "^4.0.1"
    read-pkg-up "^1.0.1"
    redent "^1.0.0"
    trim-newlines "^1.0.0"

minimatch@^3.0.4:
  version "3.0.4"
  resolved "http://registry.npm.taobao.org/minimatch/download/minimatch-3.0.4.tgz#5166e286457f03306064be5497e8dbb0c3d32083"
  dependencies:
    brace-expansion "^1.1.7"

minimist@0.0.8:
  version "0.0.8"
  resolved "http://registry.npm.taobao.org/minimist/download/minimist-0.0.8.tgz#857fcabfc3397d2625b8228262e86aa7a011b05d"

minimist@^1.1.3:
  version "1.2.0"
  resolved "http://registry.npm.taobao.org/minimist/download/minimist-1.2.0.tgz#a35008b20f41383eec1fb914f4cd5df79a264284"

mkdirp@^0.5.1:
  version "0.5.1"
  resolved "http://registry.npm.taobao.org/mkdirp/download/mkdirp-0.5.1.tgz#30057438eac6cf7f8c4767f38648d6697d75c903"
  dependencies:
    minimist "0.0.8"

normalize-package-data@^2.3.2, normalize-package-data@^2.3.4:
  version "2.4.0"
  resolved "http://registry.npm.taobao.org/normalize-package-data/download/normalize-package-data-2.4.0.tgz#12f95a307d58352075a04907b84ac8be98ac012f"
  dependencies:
    hosted-git-info "^2.1.4"
    is-builtin-module "^1.0.0"
    semver "2 || 3 || 4 || 5"
    validate-npm-package-license "^3.0.1"

normalize-path@^1.0.0:
  version "1.0.0"
  resolved "http://registry.npm.taobao.org/normalize-path/download/normalize-path-1.0.0.tgz#32d0e472f91ff345701c15a8311018d3b0a90379"

number-is-nan@^1.0.0:
  version "1.0.1"
  resolved "http://registry.npm.taobao.org/number-is-nan/download/number-is-nan-1.0.1.tgz#097b602b53422a522c1afb8790318336941a011d"

object-assign@^4.0.1:
  version "4.1.1"
  resolved "http://registry.npm.taobao.org/object-assign/download/object-assign-4.1.1.tgz#2109adc7965887cfc05cbbd442cac8bfbb360863"

once@^1.3.0:
  version "1.4.0"
  resolved "http://registry.npm.taobao.org/once/download/once-1.4.0.tgz#583b1aa775961d4b113ac17d9c50baef9dd76bd1"
  dependencies:
    wrappy "1"

p-limit@^1.1.0:
  version "1.1.0"
  resolved "http://registry.npm.taobao.org/p-limit/download/p-limit-1.1.0.tgz#b07ff2d9a5d88bec806035895a2bab66a27988bc"

p-locate@^2.0.0:
  version "2.0.0"
  resolved "http://registry.npm.taobao.org/p-locate/download/p-locate-2.0.0.tgz#20a0103b222a70c8fd39cc2e580680f3dde5ec43"
  dependencies:
    p-limit "^1.1.0"

parse-json@^2.2.0:
  version "2.2.0"
  resolved "http://registry.npm.taobao.org/parse-json/download/parse-json-2.2.0.tgz#f480f40434ef80741f8469099f8dea18f55a4dc9"
  dependencies:
    error-ex "^1.2.0"

parse-json@^3.0.0:
  version "3.0.0"
  resolved "http://registry.npm.taobao.org/parse-json/download/parse-json-3.0.0.tgz#fa6f47b18e23826ead32f263e744d0e1e847fb13"
  dependencies:
    error-ex "^1.3.1"

path-exists@^2.0.0:
  version "2.1.0"
  resolved "http://registry.npm.taobao.org/path-exists/download/path-exists-2.1.0.tgz#0feb6c64f0fc518d9a754dd5efb62c7022761f4b"
  dependencies:
    pinkie-promise "^2.0.0"

path-exists@^3.0.0:
  version "3.0.0"
  resolved "http://registry.npm.taobao.org/path-exists/download/path-exists-3.0.0.tgz#ce0ebeaa5f78cb18925ea7d810d7b59b010fd515"

path-is-absolute@^1.0.0:
  version "1.0.1"
  resolved "http://registry.npm.taobao.org/path-is-absolute/download/path-is-absolute-1.0.1.tgz#174b9268735534ffbc7ace6bf53a5a9e1b5c5f5f"

path-type@^1.0.0:
  version "1.1.0"
  resolved "http://registry.npm.taobao.org/path-type/download/path-type-1.1.0.tgz#59c44f7ee491da704da415da5a4070ba4f8fe441"
  dependencies:
    graceful-fs "^4.1.2"
    pify "^2.0.0"
    pinkie-promise "^2.0.0"

pify@^2.0.0:
  version "2.3.0"
  resolved "http://registry.npm.taobao.org/pify/download/pify-2.3.0.tgz#ed141a6ac043a849ea588498e7dca8b15330e90c"

pinkie-promise@^2.0.0:
  version "2.0.1"
  resolved "http://registry.npm.taobao.org/pinkie-promise/download/pinkie-promise-2.0.1.tgz#2135d6dfa7a358c069ac9b178776288228450ffa"
  dependencies:
    pinkie "^2.0.0"

pinkie@^2.0.0:
  version "2.0.4"
  resolved "http://registry.npm.taobao.org/pinkie/download/pinkie-2.0.4.tgz#72556b80cfa0d48a974e80e77248e80ed4f7f870"

process-nextick-args@~1.0.6:
  version "1.0.7"
  resolved "http://registry.npm.taobao.org/process-nextick-args/download/process-nextick-args-1.0.7.tgz#150e20b756590ad3f91093f25a4f2ad8bff30ba3"

q@^1.4.1:
  version "1.5.1"
  resolved "http://registry.npm.taobao.org/q/download/q-1.5.1.tgz#7e32f75b41381291d04611f1bf14109ac00651d7"

read-pkg-up@^1.0.1:
  version "1.0.1"
  resolved "http://registry.npm.taobao.org/read-pkg-up/download/read-pkg-up-1.0.1.tgz#9d63c13276c065918d57f002a57f40a1b643fb02"
  dependencies:
    find-up "^1.0.0"
    read-pkg "^1.0.0"

read-pkg@^1.0.0:
  version "1.1.0"
  resolved "http://registry.npm.taobao.org/read-pkg/download/read-pkg-1.1.0.tgz#f5ffaa5ecd29cb31c0474bca7d756b6bb29e3f28"
  dependencies:
    load-json-file "^1.0.0"
    normalize-package-data "^2.3.2"
    path-type "^1.0.0"

readable-stream@^2.1.5:
  version "2.3.3"
  resolved "http://registry.npm.taobao.org/readable-stream/download/readable-stream-2.3.3.tgz#368f2512d79f9d46fdfc71349ae7878bbc1eb95c"
  dependencies:
    core-util-is "~1.0.0"
    inherits "~2.0.3"
    isarray "~1.0.0"
    process-nextick-args "~1.0.6"
    safe-buffer "~5.1.1"
    string_decoder "~1.0.3"
    util-deprecate "~1.0.1"

redent@^1.0.0:
  version "1.0.0"
  resolved "http://registry.npm.taobao.org/redent/download/redent-1.0.0.tgz#cf916ab1fd5f1f16dfb20822dd6ec7f730c2afde"
  dependencies:
    indent-string "^2.1.0"
    strip-indent "^1.0.1"

regenerator-runtime@^0.10.5:
  version "0.10.5"
  resolved "http://registry.npm.taobao.org/regenerator-runtime/download/regenerator-runtime-0.10.5.tgz#336c3efc1220adcedda2c9fab67b5a7955a33658"

regenerator-runtime@^0.11.0:
  version "0.11.0"
  resolved "http://registry.npm.taobao.org/regenerator-runtime/download/regenerator-runtime-0.11.0.tgz#7e54fe5b5ccd5d6624ea6255c3473be090b802e1"

repeating@^2.0.0:
  version "2.0.1"
  resolved "http://registry.npm.taobao.org/repeating/download/repeating-2.0.1.tgz#5214c53a926d3552707527fbab415dbc08d06dda"
  dependencies:
    is-finite "^1.0.0"

require-from-string@^2.0.1:
  version "2.0.1"
  resolved "http://registry.npm.taobao.org/require-from-string/download/require-from-string-2.0.1.tgz#c545233e9d7da6616e9d59adfb39fc9f588676ff"

resolve-from@^3.0.0:
  version "3.0.0"
  resolved "http://registry.npm.taobao.org/resolve-from/download/resolve-from-3.0.0.tgz#b22c7af7d9d6881bc8b6e653335eebcb0a188748"

right-pad@^1.0.1:
  version "1.0.1"
  resolved "http://registry.npm.taobao.org/right-pad/download/right-pad-1.0.1.tgz#8ca08c2cbb5b55e74dafa96bf7fd1a27d568c8d0"

rimraf@^2.5.2:
  version "2.6.2"
  resolved "http://registry.npm.taobao.org/rimraf/download/rimraf-2.6.2.tgz#2ed8150d24a16ea8651e6d6ef0f47c4158ce7a36"
  dependencies:
    glob "^7.0.5"

safe-buffer@~5.1.0, safe-buffer@~5.1.1:
  version "5.1.1"
  resolved "http://registry.npm.taobao.org/safe-buffer/download/safe-buffer-5.1.1.tgz#893312af69b2123def71f57889001671eeb2c853"

"semver@2 || 3 || 4 || 5", semver@^5.3.0:
  version "5.4.1"
  resolved "http://registry.npm.taobao.org/semver/download/semver-5.4.1.tgz#e059c09d8571f0540823733433505d3a2f00b18e"

signal-exit@^3.0.0:
  version "3.0.2"
  resolved "http://registry.npm.taobao.org/signal-exit/download/signal-exit-3.0.2.tgz#b5fdc08f1287ea1178628e415e25132b73646c6d"

spdx-correct@~1.0.0:
  version "1.0.2"
  resolved "http://registry.npm.taobao.org/spdx-correct/download/spdx-correct-1.0.2.tgz#4b3073d933ff51f3912f03ac5519498a4150db40"
  dependencies:
    spdx-license-ids "^1.0.2"

spdx-expression-parse@~1.0.0:
  version "1.0.4"
  resolved "http://registry.npm.taobao.org/spdx-expression-parse/download/spdx-expression-parse-1.0.4.tgz#9bdf2f20e1f40ed447fbe273266191fced51626c"

spdx-license-ids@^1.0.2:
  version "1.2.2"
  resolved "http://registry.npm.taobao.org/spdx-license-ids/download/spdx-license-ids-1.2.2.tgz#c9df7a3424594ade6bd11900d596696dc06bac57"

split2@^2.0.0:
  version "2.2.0"
  resolved "http://registry.npm.taobao.org/split2/download/split2-2.2.0.tgz#186b2575bcf83e85b7d18465756238ee4ee42493"
  dependencies:
    through2 "^2.0.2"

sprintf-js@~1.0.2:
  version "1.0.3"
  resolved "http://registry.npm.taobao.org/sprintf-js/download/sprintf-js-1.0.3.tgz#04e6926f662895354f3dd015203633b857297e2c"

string_decoder@~1.0.3:
  version "1.0.3"
  resolved "http://registry.npm.taobao.org/string_decoder/download/string_decoder-1.0.3.tgz#0fc67d7c141825de94282dd536bec6b9bce860ab"
  dependencies:
    safe-buffer "~5.1.0"

strip-bom@^2.0.0:
  version "2.0.0"
  resolved "http://registry.npm.taobao.org/strip-bom/download/strip-bom-2.0.0.tgz#6219a85616520491f35788bdbf1447a99c7e6b0e"
  dependencies:
    is-utf8 "^0.2.0"

strip-indent@^1.0.1:
  version "1.0.1"
  resolved "http://registry.npm.taobao.org/strip-indent/download/strip-indent-1.0.1.tgz#0c7962a6adefa7bbd4ac366460a638552ae1a0a2"
  dependencies:
    get-stdin "^4.0.1"

strip-indent@^2.0.0:
  version "2.0.0"
  resolved "http://registry.npm.taobao.org/strip-indent/download/strip-indent-2.0.0.tgz#5ef8db295d01e6ed6cbf7aab96998d7822527b68"

supports-color@^4.0.0:
  version "4.5.0"
  resolved "http://registry.npm.taobao.org/supports-color/download/supports-color-4.5.0.tgz#be7a0de484dec5c5cddf8b3d59125044912f635b"
  dependencies:
    has-flag "^2.0.0"

text-extensions@^1.0.0:
  version "1.7.0"
  resolved "http://registry.npm.taobao.org/text-extensions/download/text-extensions-1.7.0.tgz#faaaba2625ed746d568a23e4d0aacd9bf08a8b39"

through2@^2.0.0, through2@^2.0.2:
  version "2.0.3"
  resolved "http://registry.npm.taobao.org/through2/download/through2-2.0.3.tgz#0004569b37c7c74ba39c43f3ced78d1ad94140be"
  dependencies:
    readable-stream "^2.1.5"
    xtend "~4.0.1"

"through@>=2.2.7 <3":
  version "2.3.8"
  resolved "http://registry.npm.taobao.org/through/download/through-2.3.8.tgz#0dd4c9ffaabc357960b1b724115d7e0e86a2e1f5"

trim-newlines@^1.0.0:
  version "1.0.0"
  resolved "http://registry.npm.taobao.org/trim-newlines/download/trim-newlines-1.0.0.tgz#5887966bb582a4503a41eb524f7d35011815a613"

trim-off-newlines@^1.0.0:
  version "1.0.1"
  resolved "http://registry.npm.taobao.org/trim-off-newlines/download/trim-off-newlines-1.0.1.tgz#9f9ba9d9efa8764c387698bcbfeb2c848f11adb3"

util-deprecate@~1.0.1:
  version "1.0.2"
  resolved "http://registry.npm.taobao.org/util-deprecate/download/util-deprecate-1.0.2.tgz#450d4dc9fa70de732762fbd2d4a28981419a0ccf"

validate-npm-package-license@^3.0.1:
  version "3.0.1"
  resolved "http://registry.npm.taobao.org/validate-npm-package-license/download/validate-npm-package-license-3.0.1.tgz#2804babe712ad3379459acfbe24746ab2c303fbc"
  dependencies:
    spdx-correct "~1.0.0"
    spdx-expression-parse "~1.0.0"

word-wrap@^1.0.3:
  version "1.2.3"
  resolved "http://registry.npm.taobao.org/word-wrap/download/word-wrap-1.2.3.tgz#610636f6b1f703891bd34771ccb17fb93b47079c"

wrappy@1:
  version "1.0.2"
  resolved "http://registry.npm.taobao.org/wrappy/download/wrappy-1.0.2.tgz#b5243d8f3ec1aa35f1364605bc0d1036e30ab69f"

xtend@~4.0.1:
  version "4.0.1"
  resolved "http://registry.npm.taobao.org/xtend/download/xtend-4.0.1.tgz#a5c6d532be656e23db820efb943a1f04998d63af"
